<?xml version="1.0" encoding="utf-8"?>
<Project ToolsVersion="4.0" xmlns="http://schemas.microsoft.com/developer/msbuild/2003">
  <ItemGroup>
    <Filter Include="Resource Files">
      <UniqueIdentifier>{67DA6AB6-F800-4c08-8B7A-83BB121AAD01}</UniqueIdentifier>
      <Extensions>rc;ico;cur;bmp;dlg;rc2;rct;bin;rgs;gif;jpg;jpeg;jpe;resx;tiff;tif;png;wav;mfcribbon-ms</Extensions>
    </Filter>
    <Filter Include="imgui">
      <UniqueIdentifier>{f701ac46-ef15-4068-89e5-1b38d8235142}</UniqueIdentifier>
    </Filter>
    <Filter Include="simpleini">
      <UniqueIdentifier>{ab29f84d-7d8d-4801-90ac-68afdfed33e1}</UniqueIdentifier>
    </Filter>
    <Filter Include="xxHash">
      <UniqueIdentifier>{ab14615f-806d-4036-a018-1c5e2c2d467a}</UniqueIdentifier>
    </Filter>
    <Filter Include="Shaders">
      <UniqueIdentifier>{8ca3937f-5abb-4da6-a977-a0b326981260}</UniqueIdentifier>
    </Filter>
    <Filter Include="Source Files">
      <UniqueIdentifier>{cad8217e-51ec-44e9-9e81-95b3f68e501c}</UniqueIdentifier>
    </Filter>
  </ItemGroup>
  <ItemGroup>
    <ClCompile Include="imgui\imgui_demo.cpp">
      <Filter>imgui</Filter>
    </ClCompile>
    <ClCompile Include="imgui\imgui_draw.cpp">
      <Filter>imgui</Filter>
    </ClCompile>
    <ClCompile Include="imgui\imgui.cpp">
      <Filter>imgui</Filter>
    </ClCompile>
    <ClCompile Include="imgui\examples\imgui_impl_win32.cpp">
      <Filter>imgui</Filter>
    </ClCompile>
    <ClCompile Include="xxhash\xxhash.c">
      <Filter>xxHash</Filter>
    </ClCompile>
    <ClCompile Include="src\ImGuiExtensions.cpp">
      <Filter>Source Files</Filter>
    </ClCompile>
    <ClCompile Include="src\WheelElement.cpp">
      <Filter>Source Files</Filter>
    </ClCompile>
    <ClCompile Include="src\Keybind.cpp">
      <Filter>Source Files</Filter>
    </ClCompile>
    <ClCompile Include="src\ConfigurationFile.cpp">
      <Filter>Source Files</Filter>
    </ClCompile>
    <ClCompile Include="src\UnitQuad.cpp">
      <Filter>Source Files</Filter>
    </ClCompile>
    <ClCompile Include="src\Utility.cpp">
      <Filter>Source Files</Filter>
    </ClCompile>
    <ClCompile Include="src\Direct3D9Hooks.cpp">
      <Filter>Source Files</Filter>
    </ClCompile>
    <ClCompile Include="src\Direct3DVirtualFunctionTable.c">
      <Filter>Source Files</Filter>
    </ClCompile>
    <ClCompile Include="src\Input.cpp">
      <Filter>Source Files</Filter>
    </ClCompile>
    <ClCompile Include="src\Wheel.cpp">
      <Filter>Source Files</Filter>
    </ClCompile>
    <ClCompile Include="src\Core.cpp">
      <Filter>Source Files</Filter>
    </ClCompile>
    <ClCompile Include="src\Main.cpp">
      <Filter>Source Files</Filter>
    </ClCompile>
    <ClCompile Include="src\SettingsMenu.cpp">
      <Filter>Source Files</Filter>
    </ClCompile>
    <ClCompile Include="src\Mount.cpp">
      <Filter>Source Files</Filter>
    </ClCompile>
    <ClCompile Include="src\Novelty.cpp">
      <Filter>Source Files</Filter>
    </ClCompile>
    <ClCompile Include="src\UpdateCheck.cpp">
      <Filter>Source Files</Filter>
    </ClCompile>
    <ClCompile Include="src\ImGuiPopup.cpp">
      <Filter>Source Files</Filter>
    </ClCompile>
    <ClCompile Include="src\Marker.cpp">
      <Filter>Source Files</Filter>
    </ClCompile>
    <ClCompile Include="src\MumbleLink.cpp">
      <Filter>Source Files</Filter>
    </ClCompile>
    <ClCompile Include="src\MiscTab.cpp">
      <Filter>Source Files</Filter>
    </ClCompile>
    <ClCompile Include="src\DDSTextureLoader.cpp">
      <Filter>Source Files</Filter>
    </ClCompile>
    <ClCompile Include="src\Effect.cpp">
      <Filter>Source Files</Filter>
    </ClCompile>
    <ClCompile Include="src\imgui_impl_dx9_custom.cpp">
      <Filter>imgui</Filter>
    </ClCompile>
    <ClCompile Include="src\Effect_dx12.cpp" />
  </ItemGroup>
  <ItemGroup>
    <ClInclude Include="imgui\imgui_internal.h">
      <Filter>imgui</Filter>
    </ClInclude>
    <ClInclude Include="imgui\stb_rect_pack.h">
      <Filter>imgui</Filter>
    </ClInclude>
    <ClInclude Include="imgui\stb_textedit.h">
      <Filter>imgui</Filter>
    </ClInclude>
    <ClInclude Include="imgui\stb_truetype.h">
      <Filter>imgui</Filter>
    </ClInclude>
    <ClInclude Include="imgui\imconfig.h">
      <Filter>imgui</Filter>
    </ClInclude>
    <ClInclude Include="imgui\imgui.h">
      <Filter>imgui</Filter>
    </ClInclude>
    <ClInclude Include="simpleini\SimpleIni.h">
      <Filter>simpleini</Filter>
    </ClInclude>
    <ClInclude Include="imgui\examples\imgui_impl_dx9.h">
      <Filter>imgui</Filter>
    </ClInclude>
    <ClInclude Include="imgui\examples\imgui_impl_win32.h">
      <Filter>imgui</Filter>
    </ClInclude>
    <ClInclude Include="xxhash\xxhash.h">
      <Filter>xxHash</Filter>
    </ClInclude>
    <ClInclude Include="include\Main.h">
      <Filter>Source Files</Filter>
    </ClInclude>
    <ClInclude Include="include\ImGuiExtensions.h">
      <Filter>Source Files</Filter>
    </ClInclude>
    <ClInclude Include="include\WheelElement.h">
      <Filter>Source Files</Filter>
    </ClInclude>
    <ClInclude Include="include\Mount.h">
      <Filter>Source Files</Filter>
    </ClInclude>
    <ClInclude Include="include\Keybind.h">
      <Filter>Source Files</Filter>
    </ClInclude>
    <ClInclude Include="include\ConfigurationFile.h">
      <Filter>Source Files</Filter>
    </ClInclude>
    <ClInclude Include="include\Direct3D9Hooks.h">
      <Filter>Source Files</Filter>
    </ClInclude>
    <ClInclude Include="include\ConfigurationOption.h">
      <Filter>Source Files</Filter>
    </ClInclude>
    <ClInclude Include="include\UnitQuad.h">
      <Filter>Source Files</Filter>
    </ClInclude>
    <ClInclude Include="include\Utility.h">
      <Filter>Source Files</Filter>
    </ClInclude>
    <ClInclude Include="include\Direct3DVirtualFunctionTable.h">
      <Filter>Source Files</Filter>
    </ClInclude>
    <ClInclude Include="include\Resource.h">
      <Filter>Resource Files</Filter>
    </ClInclude>
    <ClInclude Include="include\Input.h">
      <Filter>Source Files</Filter>
    </ClInclude>
    <ClInclude Include="include\Singleton.h">
      <Filter>Source Files</Filter>
    </ClInclude>
    <ClInclude Include="include\Wheel.h">
      <Filter>Source Files</Filter>
    </ClInclude>
    <ClInclude Include="include\Core.h">
      <Filter>Source Files</Filter>
    </ClInclude>
    <ClInclude Include="include\SettingsMenu.h">
      <Filter>Source Files</Filter>
    </ClInclude>
    <ClInclude Include="include\Novelty.h">
      <Filter>Source Files</Filter>
    </ClInclude>
    <ClInclude Include="include\UpdateCheck.h">
      <Filter>Source Files</Filter>
    </ClInclude>
    <ClInclude Include="include\Tag.h">
      <Filter>Source Files</Filter>
    </ClInclude>
    <ClInclude Include="include\ImGuiPopup.h">
      <Filter>Source Files</Filter>
    </ClInclude>
    <ClInclude Include="include\Marker.h">
      <Filter>Source Files</Filter>
    </ClInclude>
    <ClInclude Include="include\MumbleLink.h">
      <Filter>Source Files</Filter>
    </ClInclude>
    <ClInclude Include="include\MiscTab.h">
      <Filter>Source Files</Filter>
    </ClInclude>
    <ClInclude Include="include\dds.h">
      <Filter>Source Files</Filter>
    </ClInclude>
    <ClInclude Include="include\DDSTextureLoader.h">
      <Filter>Source Files</Filter>
    </ClInclude>
    <ClInclude Include="resource.h" />
    <ClInclude Include="include\Effect.h">
      <Filter>Source Files</Filter>
    </ClInclude>
    <ClInclude Include="include\Effect_dx12.h" />
  </ItemGroup>
  <ItemGroup>
    <None Include="rt_rcdat.bin">
      <Filter>Resource Files</Filter>
    </None>
    <None Include="Main.def">
      <Filter>Resource Files</Filter>
    </None>
    <None Include="art\finals\rcdata1.bin">
      <Filter>Resource Files</Filter>
    </None>
    <None Include="int\Shader_vs.cso" />
    <None Include="int\Shader_ps.cso" />
  </ItemGroup>
  <ItemGroup>
    <ResourceCompile Include="Resource.rc">
      <Filter>Resource Files</Filter>
    </ResourceCompile>
  </ItemGroup>
  <ItemGroup>
    <FxCompile Include="shaders\Shader.fx">
      <Filter>Shaders</Filter>
    </FxCompile>
    <FxCompile Include="shaders\Shader_ps.hlsl">
      <Filter>Shaders</Filter>
    </FxCompile>
    <FxCompile Include="shaders\Shader_vs.hlsl">
      <Filter>Shaders</Filter>
    </FxCompile>
  </ItemGroup>
  <ItemGroup>
    <Text Include="shaders\perlin.hlsl" />
  </ItemGroup>
  <ItemGroup>
    <CopyFileToFolders Include="..\readme.md">
      <Filter>Resource Files</Filter>
    </CopyFileToFolders>
  </ItemGroup>
  <ItemGroup>
    <Image Include="art\Finals\Background.dds" />
    <Image Include="art\Finals\InkSplatter.dds" />
    <Image Include="art\Finals\Raptor.dds" />
    <Image Include="art\Finals\Springer.dds" />
    <Image Include="art\Finals\Skimmer.dds" />
    <Image Include="art\Finals\Jackal.dds" />
    <Image Include="art\Finals\Beetle.dds" />
    <Image Include="art\Finals\Griffon.dds" />
    <Image Include="art\Finals\Warclaw.dds" />
    <Image Include="art\Finals\chair.dds" />
    <Image Include="art\Finals\music.dds" />
    <Image Include="art\Finals\hand.dds" />
    <Image Include="art\Finals\travel.dds" />
    <Image Include="art\Finals\tonic.dds" />
    <Image Include="art\Finals\arrow_marker.dds" />
    <Image Include="art\Finals\circle_marker.dds" />
    <Image Include="art\Finals\heart_marker.dds" />
    <Image Include="art\Finals\square_marker.dds" />
    <Image Include="art\Finals\star_marker.dds" />
    <Image Include="art\Finals\spiral_marker.dds" />
    <Image Include="art\Finals\triangle_marker.dds" />
    <Image Include="art\Finals\x_marker.dds" />
    <Image Include="art\Finals\clear_markers.dds" />
  </ItemGroup>
  <ItemGroup>
    <Font Include="art\Fonts\SourceSansPro-Regular.ttf" />
    <Font Include="art\Fonts\SourceSansPro-Black.ttf" />
    <Font Include="art\Fonts\SourceSansPro-Italic.ttf" />
  </ItemGroup>
</Project>