
Microsoft Visual Studio Solution File, Format Version 12.00
# Visual Studio Version 17
VisualStudioVersion = 17.1.32210.238
MinimumVisualStudioVersion = 10.0.40219.1
Project("{8BC9CEB8-8B4A-11D0-8D11-00A0C91BC942}") = "GW2Radial", "GW2Radial.vcxproj", "{7EFE6DCC-544A-4116-9EF2-13C0431356E6}"
EndProject
Project("{2150E333-8FDC-42A3-9474-1A3956D46DE8}") = "Solution Items", "Solution Items", "{F0905902-017B-4EBA-BB11-02243086C993}"
	ProjectSection(SolutionItems) = preProject
		.gitattributes = .gitattributes
		.gitignore = .gitignore
		.gitmodules = .gitmodules
		LICENSE = LICENSE
		readme.md = readme.md
	EndProjectSection
EndProject
Project("{8BC9CEB8-8B4A-11D0-8D11-00A0C91BC942}") = "GW2Common", "extern\GW2Common\GW2Common.vcxproj", "{1AD7929B-FE1E-4FA2-BE57-DF9B0FC1526D}"
EndProject
Global
	GlobalSection(SolutionConfigurationPlatforms) = preSolution
		Debug|x64 = Debug|x64
		Debug|x86 = Debug|x86
		Release|x64 = Release|x64
		Release|x86 = Release|x86
	EndGlobalSection
	GlobalSection(ProjectConfigurationPlatforms) = postSolution
		{7EFE6DCC-544A-4116-9EF2-13C0431356E6}.Debug|x64.ActiveCfg = Debug|x64
		{7EFE6DCC-544A-4116-9EF2-13C0431356E6}.Debug|x64.Build.0 = Debug|x64
		{7EFE6DCC-544A-4116-9EF2-13C0431356E6}.Debug|x86.ActiveCfg = Debug|x64
		{7EFE6DCC-544A-4116-9EF2-13C0431356E6}.Debug|x86.Build.0 = Debug|x64
		{7EFE6DCC-544A-4116-9EF2-13C0431356E6}.Release|x64.ActiveCfg = Release|x64
		{7EFE6DCC-544A-4116-9EF2-13C0431356E6}.Release|x64.Build.0 = Release|x64
		{7EFE6DCC-544A-4116-9EF2-13C0431356E6}.Release|x86.ActiveCfg = Release|x64
		{7EFE6DCC-544A-4116-9EF2-13C0431356E6}.Release|x86.Build.0 = Release|x64
		{1AD7929B-FE1E-4FA2-BE57-DF9B0FC1526D}.Debug|x64.ActiveCfg = Debug|x64
		{1AD7929B-FE1E-4FA2-BE57-DF9B0FC1526D}.Debug|x64.Build.0 = Debug|x64
		{1AD7929B-FE1E-4FA2-BE57-DF9B0FC1526D}.Debug|x86.ActiveCfg = Debug|x64
		{1AD7929B-FE1E-4FA2-BE57-DF9B0FC1526D}.Release|x64.ActiveCfg = Release|x64
		{1AD7929B-FE1E-4FA2-BE57-DF9B0FC1526D}.Release|x64.Build.0 = Release|x64
		{1AD7929B-FE1E-4FA2-BE57-DF9B0FC1526D}.Release|x86.ActiveCfg = Release|x64
	EndGlobalSection
	GlobalSection(SolutionProperties) = preSolution
		HideSolutionNode = FALSE
	EndGlobalSection
	GlobalSection(ExtensibilityGlobals) = postSolution
		SolutionGuid = {10A8C694-9C19-4823-8500-325C3B6AEF44}
	EndGlobalSection
EndGlobal
