
Microsoft Visual Studio Solution File, Format Version 12.00
# Visual Studio Version 17
VisualStudioVersion = 17.1.32210.238
MinimumVisualStudioVersion = 10.0.40219.1
Project("{8BC9CEB8-8B4A-11D0-8D11-00A0C91BC942}") = "GW2Radial", "GW2Radial\GW2Radial.vcxproj", "{7EFE6DCC-544A-4116-9EF2-13C0431356E6}"
EndProject
Project("{2150E333-8FDC-42A3-9474-1A3956D46DE8}") = "Solution Items", "Solution Items", "{F0905902-017B-4EBA-BB11-02243086C993}"
	ProjectSection(SolutionItems) = preProject
		.gitattributes = .gitattributes
		.gitignore = .gitignore
		.gitmodules = .gitmodules
		LICENSE = LICENSE
		readme.md = readme.md
	EndProjectSection
EndProject
Project("{8BC9CEB8-8B4A-11D0-8D11-00A0C91BC942}") = "ZipLib", "GW2Radial\ziplib\Source\ZipLib\ZipLib.vcxproj", "{5C9FD859-DDF9-4510-8397-B329B0AE8C48}"
EndProject
Project("{8BC9CEB8-8B4A-11D0-8D11-00A0C91BC942}") = "bzip2", "GW2Radial\ziplib\Source\ZipLib\extlibs\bzip2\bzip2.vcxproj", "{DBBF348D-C221-4F2E-8A0D-24EFA0D98E71}"
EndProject
Project("{8BC9CEB8-8B4A-11D0-8D11-00A0C91BC942}") = "lzma", "GW2Radial\ziplib\Source\ZipLib\extlibs\lzma\lzma.vcxproj", "{7EAD1358-3E72-4FB6-A212-25D462B5C1E9}"
EndProject
Project("{8BC9CEB8-8B4A-11D0-8D11-00A0C91BC942}") = "zlib", "GW2Radial\ziplib\Source\ZipLib\extlibs\zlib\zlib.vcxproj", "{BAEB16B3-DB4C-432F-9E6A-2ACADEA0691D}"
EndProject
Project("{2150E333-8FDC-42A3-9474-1A3956D46DE8}") = "External", "External", "{C74AC87C-FD77-4C5E-BAB9-4B6713418B58}"
EndProject
Project("{8BC9CEB8-8B4A-11D0-8D11-00A0C91BC942}") = "tinyxml2", "GW2Radial\tinyxml2\tinyxml2\tinyxml2.vcxproj", "{D1C528B6-AA02-4D29-9D61-DC08E317A70D}"
EndProject
Global
	GlobalSection(SolutionConfigurationPlatforms) = preSolution
		Debug|x64 = Debug|x64
		Debug|x86 = Debug|x86
		Release|x64 = Release|x64
		Release|x86 = Release|x86
	EndGlobalSection
	GlobalSection(ProjectConfigurationPlatforms) = postSolution
		{7EFE6DCC-544A-4116-9EF2-13C0431356E6}.Debug|x64.ActiveCfg = Debug|x64
		{7EFE6DCC-544A-4116-9EF2-13C0431356E6}.Debug|x64.Build.0 = Debug|x64
		{7EFE6DCC-544A-4116-9EF2-13C0431356E6}.Debug|x86.ActiveCfg = Debug|x64
		{7EFE6DCC-544A-4116-9EF2-13C0431356E6}.Debug|x86.Build.0 = Debug|x64
		{7EFE6DCC-544A-4116-9EF2-13C0431356E6}.Release|x64.ActiveCfg = Release|x64
		{7EFE6DCC-544A-4116-9EF2-13C0431356E6}.Release|x64.Build.0 = Release|x64
		{7EFE6DCC-544A-4116-9EF2-13C0431356E6}.Release|x86.ActiveCfg = Release|x64
		{7EFE6DCC-544A-4116-9EF2-13C0431356E6}.Release|x86.Build.0 = Release|x64
		{5C9FD859-DDF9-4510-8397-B329B0AE8C48}.Debug|x64.ActiveCfg = Debug|x64
		{5C9FD859-DDF9-4510-8397-B329B0AE8C48}.Debug|x64.Build.0 = Debug|x64
		{5C9FD859-DDF9-4510-8397-B329B0AE8C48}.Debug|x86.ActiveCfg = Debug|Win32
		{5C9FD859-DDF9-4510-8397-B329B0AE8C48}.Debug|x86.Build.0 = Debug|Win32
		{5C9FD859-DDF9-4510-8397-B329B0AE8C48}.Release|x64.ActiveCfg = Release|x64
		{5C9FD859-DDF9-4510-8397-B329B0AE8C48}.Release|x64.Build.0 = Release|x64
		{5C9FD859-DDF9-4510-8397-B329B0AE8C48}.Release|x86.ActiveCfg = Release|Win32
		{5C9FD859-DDF9-4510-8397-B329B0AE8C48}.Release|x86.Build.0 = Release|Win32
		{DBBF348D-C221-4F2E-8A0D-24EFA0D98E71}.Debug|x64.ActiveCfg = Debug|x64
		{DBBF348D-C221-4F2E-8A0D-24EFA0D98E71}.Debug|x64.Build.0 = Debug|x64
		{DBBF348D-C221-4F2E-8A0D-24EFA0D98E71}.Debug|x86.ActiveCfg = Debug|Win32
		{DBBF348D-C221-4F2E-8A0D-24EFA0D98E71}.Debug|x86.Build.0 = Debug|Win32
		{DBBF348D-C221-4F2E-8A0D-24EFA0D98E71}.Release|x64.ActiveCfg = Release|x64
		{DBBF348D-C221-4F2E-8A0D-24EFA0D98E71}.Release|x64.Build.0 = Release|x64
		{DBBF348D-C221-4F2E-8A0D-24EFA0D98E71}.Release|x86.ActiveCfg = Release|Win32
		{DBBF348D-C221-4F2E-8A0D-24EFA0D98E71}.Release|x86.Build.0 = Release|Win32
		{7EAD1358-3E72-4FB6-A212-25D462B5C1E9}.Debug|x64.ActiveCfg = Debug|x64
		{7EAD1358-3E72-4FB6-A212-25D462B5C1E9}.Debug|x64.Build.0 = Debug|x64
		{7EAD1358-3E72-4FB6-A212-25D462B5C1E9}.Debug|x86.ActiveCfg = Debug|Win32
		{7EAD1358-3E72-4FB6-A212-25D462B5C1E9}.Debug|x86.Build.0 = Debug|Win32
		{7EAD1358-3E72-4FB6-A212-25D462B5C1E9}.Release|x64.ActiveCfg = Release|x64
		{7EAD1358-3E72-4FB6-A212-25D462B5C1E9}.Release|x64.Build.0 = Release|x64
		{7EAD1358-3E72-4FB6-A212-25D462B5C1E9}.Release|x86.ActiveCfg = Release|Win32
		{7EAD1358-3E72-4FB6-A212-25D462B5C1E9}.Release|x86.Build.0 = Release|Win32
		{BAEB16B3-DB4C-432F-9E6A-2ACADEA0691D}.Debug|x64.ActiveCfg = Debug|x64
		{BAEB16B3-DB4C-432F-9E6A-2ACADEA0691D}.Debug|x64.Build.0 = Debug|x64
		{BAEB16B3-DB4C-432F-9E6A-2ACADEA0691D}.Debug|x86.ActiveCfg = Debug|Win32
		{BAEB16B3-DB4C-432F-9E6A-2ACADEA0691D}.Debug|x86.Build.0 = Debug|Win32
		{BAEB16B3-DB4C-432F-9E6A-2ACADEA0691D}.Release|x64.ActiveCfg = Release|x64
		{BAEB16B3-DB4C-432F-9E6A-2ACADEA0691D}.Release|x64.Build.0 = Release|x64
		{BAEB16B3-DB4C-432F-9E6A-2ACADEA0691D}.Release|x86.ActiveCfg = Release|Win32
		{BAEB16B3-DB4C-432F-9E6A-2ACADEA0691D}.Release|x86.Build.0 = Release|Win32
		{D1C528B6-AA02-4D29-9D61-DC08E317A70D}.Debug|x64.ActiveCfg = Debug-Lib|x64
		{D1C528B6-AA02-4D29-9D61-DC08E317A70D}.Debug|x64.Build.0 = Debug-Lib|x64
		{D1C528B6-AA02-4D29-9D61-DC08E317A70D}.Debug|x86.ActiveCfg = Debug-Dll|Win32
		{D1C528B6-AA02-4D29-9D61-DC08E317A70D}.Debug|x86.Build.0 = Debug-Dll|Win32
		{D1C528B6-AA02-4D29-9D61-DC08E317A70D}.Release|x64.ActiveCfg = Release-Lib|x64
		{D1C528B6-AA02-4D29-9D61-DC08E317A70D}.Release|x64.Build.0 = Release-Lib|x64
		{D1C528B6-AA02-4D29-9D61-DC08E317A70D}.Release|x86.ActiveCfg = Release-Dll|Win32
		{D1C528B6-AA02-4D29-9D61-DC08E317A70D}.Release|x86.Build.0 = Release-Dll|Win32
	EndGlobalSection
	GlobalSection(SolutionProperties) = preSolution
		HideSolutionNode = FALSE
	EndGlobalSection
	GlobalSection(NestedProjects) = preSolution
		{5C9FD859-DDF9-4510-8397-B329B0AE8C48} = {C74AC87C-FD77-4C5E-BAB9-4B6713418B58}
		{DBBF348D-C221-4F2E-8A0D-24EFA0D98E71} = {C74AC87C-FD77-4C5E-BAB9-4B6713418B58}
		{7EAD1358-3E72-4FB6-A212-25D462B5C1E9} = {C74AC87C-FD77-4C5E-BAB9-4B6713418B58}
		{BAEB16B3-DB4C-432F-9E6A-2ACADEA0691D} = {C74AC87C-FD77-4C5E-BAB9-4B6713418B58}
		{D1C528B6-AA02-4D29-9D61-DC08E317A70D} = {C74AC87C-FD77-4C5E-BAB9-4B6713418B58}
	EndGlobalSection
	GlobalSection(ExtensibilityGlobals) = postSolution
		SolutionGuid = {10A8C694-9C19-4823-8500-325C3B6AEF44}
	EndGlobalSection
EndGlobal
